
Microsoft Visual Studio Solution File, Format Version 12.00
# Visual Studio Version 17
VisualStudioVersion = 17.5.2.0
MinimumVisualStudioVersion = 10.0.40219.1
Project("{FAE04EC0-301F-11D3-BF4B-00C04F79EFBC}") = "karsoe-api-generator", "karsoe-api-generator.csproj", "{38FD45C0-BB77-4511-CD95-6A072BEB1187}"
EndProject
Project("{2150E333-8FDC-42A3-9474-1A3956D46DE8}") = "Tests", "Tests", "{0AB3BF05-4346-4AA6-1389-037BE0695223}"
EndProject
Project("{FAE04EC0-301F-11D3-BF4B-00C04F79EFBC}") = "karsoe-api-generator.Tests", "Tests\karsoe-api-generator.Tests.csproj", "{2C2EB34F-620B-4DF1-A768-5E30C2DF6A05}"
EndProject
Global
	GlobalSection(SolutionConfigurationPlatforms) = preSolution
		Debug|Any CPU = Debug|Any CPU
		Debug|x64 = Debug|x64
		Debug|x86 = Debug|x86
		Release|Any CPU = Release|Any CPU
		Release|x64 = Release|x64
		Release|x86 = Release|x86
	EndGlobalSection
	GlobalSection(ProjectConfigurationPlatforms) = postSolution
		{38FD45C0-BB77-4511-CD95-6A072BEB1187}.Debug|Any CPU.ActiveCfg = Debug|Any CPU
		{38FD45C0-BB77-4511-CD95-6A072BEB1187}.Debug|Any CPU.Build.0 = Debug|Any CPU
		{38FD45C0-BB77-4511-CD95-6A072BEB1187}.Debug|x64.ActiveCfg = Debug|Any CPU
		{38FD45C0-BB77-4511-CD95-6A072BEB1187}.Debug|x64.Build.0 = Debug|Any CPU
		{38FD45C0-BB77-4511-CD95-6A072BEB1187}.Debug|x86.ActiveCfg = Debug|Any CPU
		{38FD45C0-BB77-4511-CD95-6A072BEB1187}.Debug|x86.Build.0 = Debug|Any CPU
		{38FD45C0-BB77-4511-CD95-6A072BEB1187}.Release|Any CPU.ActiveCfg = Release|Any CPU
		{38FD45C0-BB77-4511-CD95-6A072BEB1187}.Release|Any CPU.Build.0 = Release|Any CPU
		{38FD45C0-BB77-4511-CD95-6A072BEB1187}.Release|x64.ActiveCfg = Release|Any CPU
		{38FD45C0-BB77-4511-CD95-6A072BEB1187}.Release|x64.Build.0 = Release|Any CPU
		{38FD45C0-BB77-4511-CD95-6A072BEB1187}.Release|x86.ActiveCfg = Release|Any CPU
		{38FD45C0-BB77-4511-CD95-6A072BEB1187}.Release|x86.Build.0 = Release|Any CPU
		{2C2EB34F-620B-4DF1-A768-5E30C2DF6A05}.Debug|Any CPU.ActiveCfg = Debug|Any CPU
		{2C2EB34F-620B-4DF1-A768-5E30C2DF6A05}.Debug|Any CPU.Build.0 = Debug|Any CPU
		{2C2EB34F-620B-4DF1-A768-5E30C2DF6A05}.Debug|x64.ActiveCfg = Debug|Any CPU
		{2C2EB34F-620B-4DF1-A768-5E30C2DF6A05}.Debug|x64.Build.0 = Debug|Any CPU
		{2C2EB34F-620B-4DF1-A768-5E30C2DF6A05}.Debug|x86.ActiveCfg = Debug|Any CPU
		{2C2EB34F-620B-4DF1-A768-5E30C2DF6A05}.Debug|x86.Build.0 = Debug|Any CPU
		{2C2EB34F-620B-4DF1-A768-5E30C2DF6A05}.Release|Any CPU.ActiveCfg = Release|Any CPU
		{2C2EB34F-620B-4DF1-A768-5E30C2DF6A05}.Release|Any CPU.Build.0 = Release|Any CPU
		{2C2EB34F-620B-4DF1-A768-5E30C2DF6A05}.Release|x64.ActiveCfg = Release|Any CPU
		{2C2EB34F-620B-4DF1-A768-5E30C2DF6A05}.Release|x64.Build.0 = Release|Any CPU
		{2C2EB34F-620B-4DF1-A768-5E30C2DF6A05}.Release|x86.ActiveCfg = Release|Any CPU
		{2C2EB34F-620B-4DF1-A768-5E30C2DF6A05}.Release|x86.Build.0 = Release|Any CPU
	EndGlobalSection
	GlobalSection(SolutionProperties) = preSolution
		HideSolutionNode = FALSE
	EndGlobalSection
	GlobalSection(NestedProjects) = preSolution
		{2C2EB34F-620B-4DF1-A768-5E30C2DF6A05} = {0AB3BF05-4346-4AA6-1389-037BE0695223}
	EndGlobalSection
	GlobalSection(ExtensibilityGlobals) = postSolution
		SolutionGuid = {894404B4-F8B3-4FCC-ADC5-04DCC5A55F26}
	EndGlobalSection
EndGlobal
